
Microsoft Visual Studio Solution File, Format Version 12.00
# Visual Studio Version 17
VisualStudioVersion = 17.1.32210.238
MinimumVisualStudioVersion = 10.0.40219.1
Project("{FAE04EC0-301F-11D3-BF4B-00C04F79EFBC}") = "DemoBasic", "DemoBasic\DemoBasic.csproj", "{CABC166D-E801-42FB-9A91-24D22789E958}"
EndProject
Project("{FAE04EC0-301F-11D3-BF4B-00C04F79EFBC}") = "Assignment_16March", "Assignment_16March\Assignment_16March.csproj", "{E62976AF-0386-4DD3-B0CA-59B4C7E7D261}"
EndProject
Project("{FAE04EC0-301F-11D3-BF4B-00C04F79EFBC}") = "Abstraction", "Abstraction\Abstraction.csproj", "{379FC95F-FD41-431E-A4C0-8647B7FDFEED}"
EndProject
Project("{FAE04EC0-301F-11D3-BF4B-00C04F79EFBC}") = "Out_Keyword", "Out_Keyword\Out_Keyword.csproj", "{0AFA567D-CFDC-4300-A28C-F5B4108BC8DB}"
EndProject
Project("{FAE04EC0-301F-11D3-BF4B-00C04F79EFBC}") = "Interfaces", "Interfaces\Interfaces.csproj", "{F7FBA669-67CB-4B7C-9556-E58172885F9B}"
EndProject
Project("{FAE04EC0-301F-11D3-BF4B-00C04F79EFBC}") = "Exception_handling", "Exception_handling\Exception_handling.csproj", "{425D5E4A-975B-4AB2-BE0B-7780D69E292C}"
EndProject
Global
	GlobalSection(SolutionConfigurationPlatforms) = preSolution
		Debug|Any CPU = Debug|Any CPU
		Release|Any CPU = Release|Any CPU
	EndGlobalSection
	GlobalSection(ProjectConfigurationPlatforms) = postSolution
		{CABC166D-E801-42FB-9A91-24D22789E958}.Debug|Any CPU.ActiveCfg = Debug|Any CPU
		{CABC166D-E801-42FB-9A91-24D22789E958}.Debug|Any CPU.Build.0 = Debug|Any CPU
		{CABC166D-E801-42FB-9A91-24D22789E958}.Release|Any CPU.ActiveCfg = Release|Any CPU
		{CABC166D-E801-42FB-9A91-24D22789E958}.Release|Any CPU.Build.0 = Release|Any CPU
		{E62976AF-0386-4DD3-B0CA-59B4C7E7D261}.Debug|Any CPU.ActiveCfg = Debug|Any CPU
		{E62976AF-0386-4DD3-B0CA-59B4C7E7D261}.Debug|Any CPU.Build.0 = Debug|Any CPU
		{E62976AF-0386-4DD3-B0CA-59B4C7E7D261}.Release|Any CPU.ActiveCfg = Release|Any CPU
		{E62976AF-0386-4DD3-B0CA-59B4C7E7D261}.Release|Any CPU.Build.0 = Release|Any CPU
		{379FC95F-FD41-431E-A4C0-8647B7FDFEED}.Debug|Any CPU.ActiveCfg = Debug|Any CPU
		{379FC95F-FD41-431E-A4C0-8647B7FDFEED}.Debug|Any CPU.Build.0 = Debug|Any CPU
		{379FC95F-FD41-431E-A4C0-8647B7FDFEED}.Release|Any CPU.ActiveCfg = Release|Any CPU
		{379FC95F-FD41-431E-A4C0-8647B7FDFEED}.Release|Any CPU.Build.0 = Release|Any CPU
		{0AFA567D-CFDC-4300-A28C-F5B4108BC8DB}.Debug|Any CPU.ActiveCfg = Debug|Any CPU
		{0AFA567D-CFDC-4300-A28C-F5B4108BC8DB}.Debug|Any CPU.Build.0 = Debug|Any CPU
		{0AFA567D-CFDC-4300-A28C-F5B4108BC8DB}.Release|Any CPU.ActiveCfg = Release|Any CPU
		{0AFA567D-CFDC-4300-A28C-F5B4108BC8DB}.Release|Any CPU.Build.0 = Release|Any CPU
		{F7FBA669-67CB-4B7C-9556-E58172885F9B}.Debug|Any CPU.ActiveCfg = Debug|Any CPU
		{F7FBA669-67CB-4B7C-9556-E58172885F9B}.Debug|Any CPU.Build.0 = Debug|Any CPU
		{F7FBA669-67CB-4B7C-9556-E58172885F9B}.Release|Any CPU.ActiveCfg = Release|Any CPU
		{F7FBA669-67CB-4B7C-9556-E58172885F9B}.Release|Any CPU.Build.0 = Release|Any CPU
		{425D5E4A-975B-4AB2-BE0B-7780D69E292C}.Debug|Any CPU.ActiveCfg = Debug|Any CPU
		{425D5E4A-975B-4AB2-BE0B-7780D69E292C}.Debug|Any CPU.Build.0 = Debug|Any CPU
		{425D5E4A-975B-4AB2-BE0B-7780D69E292C}.Release|Any CPU.ActiveCfg = Release|Any CPU
		{425D5E4A-975B-4AB2-BE0B-7780D69E292C}.Release|Any CPU.Build.0 = Release|Any CPU
	EndGlobalSection
	GlobalSection(SolutionProperties) = preSolution
		HideSolutionNode = FALSE
	EndGlobalSection
	GlobalSection(ExtensibilityGlobals) = postSolution
		SolutionGuid = {6BF3CCE1-DA93-45A9-AEF8-60497F20F8A1}
	EndGlobalSection
EndGlobal
